
Microsoft Visual Studio Solution File, Format Version 12.00
# Visual Studio Version 17
VisualStudioVersion = 17.4.33213.308
MinimumVisualStudioVersion = 10.0.40219.1
Project("{FAE04EC0-301F-11D3-BF4B-00C04F79EFBC}") = "GoofyInjector", "GoofyInjector.csproj", "{2B835164-0B01-461B-BD6E-ED3DB4E35346}"
EndProject
Global
	GlobalSection(SolutionConfigurationPlatforms) = preSolution
		Debug|Any CPU = Debug|Any CPU
		Release|Any CPU = Release|Any CPU
	EndGlobalSection
	GlobalSection(ProjectConfigurationPlatforms) = postSolution
		{2B835164-0B01-461B-BD6E-ED3DB4E35346}.Debug|Any CPU.ActiveCfg = Debug|Any CPU
		{2B835164-0B01-461B-BD6E-ED3DB4E35346}.Debug|Any CPU.Build.0 = Debug|Any CPU
		{2B835164-0B01-461B-BD6E-ED3DB4E35346}.Release|Any CPU.ActiveCfg = Release|Any CPU
		{2B835164-0B01-461B-BD6E-ED3DB4E35346}.Release|Any CPU.Build.0 = Release|Any CPU
	EndGlobalSection
	GlobalSection(SolutionProperties) = preSolution
		HideSolutionNode = FALSE
	EndGlobalSection
	GlobalSection(ExtensibilityGlobals) = postSolution
		SolutionGuid = {0B5077F9-D55D-4F62-BA95-EF183E0B9D92}
	EndGlobalSection
EndGlobal
